<?xml version="1.0" encoding="utf-8"?>
<Project ToolsVersion="4.0" xmlns="http://schemas.microsoft.com/developer/msbuild/2003">
  <ItemGroup>
    <ClCompile Include="src\Konane.cpp" />
  </ItemGroup>
  <ItemGroup>
    <ClInclude Include="headers\Position.h" />
    <ClInclude Include="headers\Includes.h" />
  </ItemGroup>
</Project>